
Microsoft Visual Studio Solution File, Format Version 12.00
# Visual Studio Version 16
VisualStudioVersion = 16.0.29201.188
MinimumVisualStudioVersion = 10.0.40219.1
Project("{9A19103F-16F7-4668-BE54-9A1E7A4F7556}") = "StringCalculator.Tests", "StringCalculator.Tests\StringCalculator.Tests.csproj", "{8CCCD3BC-7D23-4908-9997-5CC61DBB61FF}"
	ProjectSection(ProjectDependencies) = postProject
		{1F2D5E7F-BFB2-46EF-B632-C3D00108E548} = {1F2D5E7F-BFB2-46EF-B632-C3D00108E548}
	EndProjectSection
EndProject
Project("{9A19103F-16F7-4668-BE54-9A1E7A4F7556}") = "StringCalculator", "StringCalculator\StringCalculator.csproj", "{1F2D5E7F-BFB2-46EF-B632-C3D00108E548}"
EndProject
Global
	GlobalSection(SolutionConfigurationPlatforms) = preSolution
		Debug|Any CPU = Debug|Any CPU
		Release|Any CPU = Release|Any CPU
	EndGlobalSection
	GlobalSection(ProjectConfigurationPlatforms) = postSolution
		{8CCCD3BC-7D23-4908-9997-5CC61DBB61FF}.Debug|Any CPU.ActiveCfg = Debug|Any CPU
		{8CCCD3BC-7D23-4908-9997-5CC61DBB61FF}.Debug|Any CPU.Build.0 = Debug|Any CPU
		{8CCCD3BC-7D23-4908-9997-5CC61DBB61FF}.Release|Any CPU.ActiveCfg = Release|Any CPU
		{8CCCD3BC-7D23-4908-9997-5CC61DBB61FF}.Release|Any CPU.Build.0 = Release|Any CPU
		{1F2D5E7F-BFB2-46EF-B632-C3D00108E548}.Debug|Any CPU.ActiveCfg = Debug|Any CPU
		{1F2D5E7F-BFB2-46EF-B632-C3D00108E548}.Debug|Any CPU.Build.0 = Debug|Any CPU
		{1F2D5E7F-BFB2-46EF-B632-C3D00108E548}.Release|Any CPU.ActiveCfg = Release|Any CPU
		{1F2D5E7F-BFB2-46EF-B632-C3D00108E548}.Release|Any CPU.Build.0 = Release|Any CPU
	EndGlobalSection
	GlobalSection(SolutionProperties) = preSolution
		HideSolutionNode = FALSE
	EndGlobalSection
	GlobalSection(ExtensibilityGlobals) = postSolution
		SolutionGuid = {3473E160-575F-4A73-881B-D4F6108D9C14}
	EndGlobalSection
EndGlobal
